
Microsoft Visual Studio Solution File, Format Version 12.00
# Visual Studio Version 17
VisualStudioVersion = 17.9.34728.123
MinimumVisualStudioVersion = 10.0.40219.1
Project("{FAE04EC0-301F-11D3-BF4B-00C04F79EFBC}") = "rockpaperscissors", "rockpaperscissors.csproj", "{0C5317F2-7FD5-4A08-8E3F-913E553CBEEC}"
EndProject
Global
	GlobalSection(SolutionConfigurationPlatforms) = preSolution
		Debug|Any CPU = Debug|Any CPU
		Release|Any CPU = Release|Any CPU
	EndGlobalSection
	GlobalSection(ProjectConfigurationPlatforms) = postSolution
		{0C5317F2-7FD5-4A08-8E3F-913E553CBEEC}.Debug|Any CPU.ActiveCfg = Debug|Any CPU
		{0C5317F2-7FD5-4A08-8E3F-913E553CBEEC}.Debug|Any CPU.Build.0 = Debug|Any CPU
		{0C5317F2-7FD5-4A08-8E3F-913E553CBEEC}.Release|Any CPU.ActiveCfg = Release|Any CPU
		{0C5317F2-7FD5-4A08-8E3F-913E553CBEEC}.Release|Any CPU.Build.0 = Release|Any CPU
	EndGlobalSection
	GlobalSection(SolutionProperties) = preSolution
		HideSolutionNode = FALSE
	EndGlobalSection
	GlobalSection(ExtensibilityGlobals) = postSolution
		SolutionGuid = {7D75EFB7-81AF-499A-9218-0B3F8AB5A4F0}
	EndGlobalSection
EndGlobal
